
Microsoft Visual Studio Solution File, Format Version 12.00
# Visual Studio 14
VisualStudioVersion = 14.0.25420.1
MinimumVisualStudioVersion = 10.0.40219.1
Project("{FAE04EC0-301F-11D3-BF4B-00C04F79EFBC}") = "Zagruzchik", "Zagruzchik\Zagruzchik.csproj", "{62019E53-D077-41D9-AFBB-E30AE5780C3D}"
EndProject
Project("{FAE04EC0-301F-11D3-BF4B-00C04F79EFBC}") = "WindwardInstallerAddon", "..\WindwardInstallerAddon\WindwardInstallerAddon\WindwardInstallerAddon.csproj", "{B9C50F78-BAF6-445E-A3FD-19D672CCA8C3}"
EndProject
Global
	GlobalSection(SolutionConfigurationPlatforms) = preSolution
		Debug|Any CPU = Debug|Any CPU
		Release|Any CPU = Release|Any CPU
	EndGlobalSection
	GlobalSection(ProjectConfigurationPlatforms) = postSolution
		{62019E53-D077-41D9-AFBB-E30AE5780C3D}.Debug|Any CPU.ActiveCfg = Debug|Any CPU
		{62019E53-D077-41D9-AFBB-E30AE5780C3D}.Debug|Any CPU.Build.0 = Debug|Any CPU
		{62019E53-D077-41D9-AFBB-E30AE5780C3D}.Release|Any CPU.ActiveCfg = Release|Any CPU
		{62019E53-D077-41D9-AFBB-E30AE5780C3D}.Release|Any CPU.Build.0 = Release|Any CPU
		{B9C50F78-BAF6-445E-A3FD-19D672CCA8C3}.Debug|Any CPU.ActiveCfg = Debug|Any CPU
		{B9C50F78-BAF6-445E-A3FD-19D672CCA8C3}.Debug|Any CPU.Build.0 = Debug|Any CPU
		{B9C50F78-BAF6-445E-A3FD-19D672CCA8C3}.Release|Any CPU.ActiveCfg = Release|Any CPU
		{B9C50F78-BAF6-445E-A3FD-19D672CCA8C3}.Release|Any CPU.Build.0 = Release|Any CPU
	EndGlobalSection
	GlobalSection(SolutionProperties) = preSolution
		HideSolutionNode = FALSE
	EndGlobalSection
EndGlobal
